{
    "_readme": [
        "This file locks the dependencies of your project to a known state",
        "Read more about it at https://getcomposer.org/doc/01-basic-usage.md#composer-lock-the-lock-file",
        "This file is @generated automatically"
    ],
    "hash": "dcaadbde443b014be0bca3641177555e",
    "content-hash": "ef9bdbe9a93f4673471a6a7a16b8858c",
    "packages": [
        {
            "name": "eventviva/php-image-resize",
            "version": "1.6.8",
            "source": {
                "type": "git",
                "url": "https://github.com/eventviva/php-image-resize.git",
                "reference": "10c3ca9f58298713599600f358e35fc29599a9d4"
            },
            "dist": {
                "type": "zip",
                "url": "https://api.github.com/repos/eventviva/php-image-resize/zipball/10c3ca9f58298713599600f358e35fc29599a9d4",
                "reference": "10c3ca9f58298713599600f358e35fc29599a9d4",
                "shasum": ""
            },
            "require": {
                "ext-gd": "*",
                "php": ">=5.3.0"
            },
            "suggest": {
                "ext-exif": "Auto-rotate jpeg files"
            },
            "type": "library",
            "autoload": {
                "classmap": [
                    "lib"
                ]
            },
            "notification-url": "https://packagist.org/downloads/",
            "license": [
                "MIT"
            ],
            "authors": [
                {
                    "name": "Aditya Patadia",
                    "homepage": "http://aditya.patadia.org/"
                }
            ],
            "description": "PHP class to re-size and scale images",
            "homepage": "https://github.com/eventviva/php-image-resize",
            "keywords": [
                "image",
                "php",
                "resize",
                "scale"
            ],
            "abandoned": "gumlet/php-image-resize",
            "time": "2017-09-09 04:37:46"
        },
        {
            "name": "psr/log",
            "version": "1.0.2",
            "source": {
                "type": "git",
                "url": "https://github.com/php-fig/log.git",
                "reference": "4ebe3a8bf773a19edfe0a84b6585ba3d401b724d"
            },
            "dist": {
                "type": "zip",
                "url": "https://api.github.com/repos/php-fig/log/zipball/4ebe3a8bf773a19edfe0a84b6585ba3d401b724d",
                "reference": "4ebe3a8bf773a19edfe0a84b6585ba3d401b724d",
                "shasum": ""
            },
            "require": {
                "php": ">=5.3.0"
            },
            "type": "library",
            "extra": {
                "branch-alias": {
                    "dev-master": "1.0.x-dev"
                }
            },
            "autoload": {
                "psr-4": {
                    "Psr\\Log\\": "Psr/Log/"
                }
            },
            "notification-url": "https://packagist.org/downloads/",
            "license": [
                "MIT"
            ],
            "authors": [
                {
                    "name": "PHP-FIG",
                    "homepage": "http://www.php-fig.org/"
                }
            ],
            "description": "Common interface for logging libraries",
            "homepage": "https://github.com/php-fig/log",
            "keywords": [
                "log",
                "psr",
                "psr-3"
            ],
            "time": "2016-10-10 12:19:37"
        },
        {
            "name": "spatie/image-optimizer",
            "version": "1.0.9",
            "source": {
                "type": "git",
                "url": "https://github.com/spatie/image-optimizer.git",
                "reference": "07b26303dbd85ede0896314fffad48bece094e8e"
            },
            "dist": {
                "type": "zip",
                "url": "https://api.github.com/repos/spatie/image-optimizer/zipball/07b26303dbd85ede0896314fffad48bece094e8e",
                "reference": "07b26303dbd85ede0896314fffad48bece094e8e",
                "shasum": ""
            },
            "require": {
                "php": "^7.0",
                "psr/log": "^1.0",
                "symfony/process": "^2.8|^3.0"
            },
            "require-dev": {
                "phpunit/phpunit": "^6.2",
                "symfony/var-dumper": "^3.0"
            },
            "type": "library",
            "autoload": {
                "psr-4": {
                    "Spatie\\ImageOptimizer\\": "src"
                }
            },
            "notification-url": "https://packagist.org/downloads/",
            "license": [
                "MIT"
            ],
            "authors": [
                {
                    "name": "Freek Van der Herten",
                    "email": "freek@spatie.be",
                    "homepage": "https://spatie.be",
                    "role": "Developer"
                }
            ],
            "description": "Easily optimize images using PHP",
            "homepage": "https://github.com/spatie/image-optimizer",
            "keywords": [
                "image-optimizer",
                "spatie"
            ],
            "time": "2017-11-03 09:47:05"
        },
        {
            "name": "symfony/process",
            "version": "v3.4.3",
            "source": {
                "type": "git",
                "url": "https://github.com/symfony/process.git",
                "reference": "ff69f110c6b33fd33cd2089ba97d6112f44ef0ba"
            },
            "dist": {
                "type": "zip",
                "url": "https://api.github.com/repos/symfony/process/zipball/ff69f110c6b33fd33cd2089ba97d6112f44ef0ba",
                "reference": "ff69f110c6b33fd33cd2089ba97d6112f44ef0ba",
                "shasum": ""
            },
            "require": {
                "php": "^5.5.9|>=7.0.8"
            },
            "type": "library",
            "extra": {
                "branch-alias": {
                    "dev-master": "3.4-dev"
                }
            },
            "autoload": {
                "psr-4": {
                    "Symfony\\Component\\Process\\": ""
                },
                "exclude-from-classmap": [
                    "/Tests/"
                ]
            },
            "notification-url": "https://packagist.org/downloads/",
            "license": [
                "MIT"
            ],
            "authors": [
                {
                    "name": "Fabien Potencier",
                    "email": "fabien@symfony.com"
                },
                {
                    "name": "Symfony Community",
                    "homepage": "https://symfony.com/contributors"
                }
            ],
            "description": "Symfony Process Component",
            "homepage": "https://symfony.com",
            "time": "2018-01-03 07:37:34"
        },
        {
            "name": "zendframework/zend-json",
            "version": "3.0.0",
            "source": {
                "type": "git",
                "url": "https://github.com/zendframework/zend-json.git",
                "reference": "f42a1588e75c2a3e338cd94c37906231e616daab"
            },
            "dist": {
                "type": "zip",
                "url": "https://api.github.com/repos/zendframework/zend-json/zipball/f42a1588e75c2a3e338cd94c37906231e616daab",
                "reference": "f42a1588e75c2a3e338cd94c37906231e616daab",
                "shasum": ""
            },
            "require": {
                "php": "^5.5 || ^7.0"
            },
            "require-dev": {
                "phpunit/phpunit": "~4.0",
                "squizlabs/php_codesniffer": "^2.3",
                "zendframework/zend-stdlib": "^2.7 || ^3.0"
            },
            "suggest": {
                "zendframework/zend-json-server": "For implementing JSON-RPC servers",
                "zendframework/zend-xml2json": "For converting XML documents to JSON"
            },
            "type": "library",
            "extra": {
                "branch-alias": {
                    "dev-master": "3.0-dev",
                    "dev-develop": "3.1-dev"
                }
            },
            "autoload": {
                "psr-4": {
                    "Zend\\Json\\": "src/"
                }
            },
            "notification-url": "https://packagist.org/downloads/",
            "license": [
                "BSD-3-Clause"
            ],
            "description": "provides convenience methods for serializing native PHP to JSON and decoding JSON to native PHP",
            "homepage": "https://github.com/zendframework/zend-json",
            "keywords": [
                "json",
                "zf2"
            ],
            "time": "2016-04-01 02:34:00"
        }
    ],
    "packages-dev": [],
    "aliases": [],
    "minimum-stability": "stable",
    "stability-flags": [],
    "prefer-stable": false,
    "prefer-lowest": false,
    "platform": [],
    "platform-dev": []
}
